
Microsoft Visual Studio Solution File, Format Version 12.00
# Visual Studio 14
VisualStudioVersion = 14.0.24720.0
MinimumVisualStudioVersion = 10.0.40219.1
Project("{FAE04EC0-301F-11D3-BF4B-00C04F79EFBC}") = "LockTest", "LockTest\LockTest.csproj", "{8B1C02A0-6962-49FD-ADB3-A047324E55E3}"
EndProject
Project("{FAE04EC0-301F-11D3-BF4B-00C04F79EFBC}") = "LockTest2", "LockTest2\LockTest2.csproj", "{94896313-7D25-4435-8299-5C651EEBA947}"
EndProject
Global
	GlobalSection(SolutionConfigurationPlatforms) = preSolution
		Debug|Any CPU = Debug|Any CPU
		Release|Any CPU = Release|Any CPU
	EndGlobalSection
	GlobalSection(ProjectConfigurationPlatforms) = postSolution
		{8B1C02A0-6962-49FD-ADB3-A047324E55E3}.Debug|Any CPU.ActiveCfg = Debug|Any CPU
		{8B1C02A0-6962-49FD-ADB3-A047324E55E3}.Debug|Any CPU.Build.0 = Debug|Any CPU
		{8B1C02A0-6962-49FD-ADB3-A047324E55E3}.Release|Any CPU.ActiveCfg = Release|Any CPU
		{8B1C02A0-6962-49FD-ADB3-A047324E55E3}.Release|Any CPU.Build.0 = Release|Any CPU
		{94896313-7D25-4435-8299-5C651EEBA947}.Debug|Any CPU.ActiveCfg = Debug|Any CPU
		{94896313-7D25-4435-8299-5C651EEBA947}.Debug|Any CPU.Build.0 = Debug|Any CPU
		{94896313-7D25-4435-8299-5C651EEBA947}.Release|Any CPU.ActiveCfg = Release|Any CPU
		{94896313-7D25-4435-8299-5C651EEBA947}.Release|Any CPU.Build.0 = Release|Any CPU
	EndGlobalSection
	GlobalSection(SolutionProperties) = preSolution
		HideSolutionNode = FALSE
	EndGlobalSection
EndGlobal
