
Microsoft Visual Studio Solution File, Format Version 12.00
# Visual Studio 14
VisualStudioVersion = 14.0.25420.1
MinimumVisualStudioVersion = 10.0.40219.1
Project("{FAE04EC0-301F-11D3-BF4B-00C04F79EFBC}") = "Service", "Service\Service.csproj", "{66EF944B-21AE-4AC0-8160-A3C4C2B4BAFD}"
EndProject
Global
	GlobalSection(SolutionConfigurationPlatforms) = preSolution
		Debug|Any CPU = Debug|Any CPU
		Release|Any CPU = Release|Any CPU
	EndGlobalSection
	GlobalSection(ProjectConfigurationPlatforms) = postSolution
		{66EF944B-21AE-4AC0-8160-A3C4C2B4BAFD}.Debug|Any CPU.ActiveCfg = Debug|Any CPU
		{66EF944B-21AE-4AC0-8160-A3C4C2B4BAFD}.Debug|Any CPU.Build.0 = Debug|Any CPU
		{66EF944B-21AE-4AC0-8160-A3C4C2B4BAFD}.Release|Any CPU.ActiveCfg = Release|Any CPU
		{66EF944B-21AE-4AC0-8160-A3C4C2B4BAFD}.Release|Any CPU.Build.0 = Release|Any CPU
	EndGlobalSection
	GlobalSection(SolutionProperties) = preSolution
		HideSolutionNode = FALSE
	EndGlobalSection
EndGlobal
